
Microsoft Visual Studio Solution File, Format Version 12.00
# Visual Studio Version 16
VisualStudioVersion = 16.0.29230.47
MinimumVisualStudioVersion = 10.0.40219.1
Project("{8BC9CEB8-8B4A-11D0-8D11-00A0C91BC942}") = "filesection", "filesection.vcxproj", "{0702EE90-8F57-4316-A2ED-592FE0025524}"
EndProject
Project("{8BC9CEB8-8B4A-11D0-8D11-00A0C91BC942}") = "你好骚啊", "..\你好骚啊\你好骚啊.vcxproj", "{8FCEB7D9-81B4-477B-9DDB-EB122D4C1AB6}"
EndProject
Project("{8BC9CEB8-8B4A-11D0-8D11-00A0C91BC942}") = "win32", "..\win32\win32.vcxproj", "{9EE467BF-F720-4BF1-AA02-A7747B8F54AA}"
EndProject
Global
	GlobalSection(SolutionConfigurationPlatforms) = preSolution
		Debug|x64 = Debug|x64
		Debug|x86 = Debug|x86
		Release|x64 = Release|x64
		Release|x86 = Release|x86
	EndGlobalSection
	GlobalSection(ProjectConfigurationPlatforms) = postSolution
		{0702EE90-8F57-4316-A2ED-592FE0025524}.Debug|x64.ActiveCfg = Debug|x64
		{0702EE90-8F57-4316-A2ED-592FE0025524}.Debug|x64.Build.0 = Debug|x64
		{0702EE90-8F57-4316-A2ED-592FE0025524}.Debug|x86.ActiveCfg = Debug|Win32
		{0702EE90-8F57-4316-A2ED-592FE0025524}.Debug|x86.Build.0 = Debug|Win32
		{0702EE90-8F57-4316-A2ED-592FE0025524}.Release|x64.ActiveCfg = Release|x64
		{0702EE90-8F57-4316-A2ED-592FE0025524}.Release|x64.Build.0 = Release|x64
		{0702EE90-8F57-4316-A2ED-592FE0025524}.Release|x86.ActiveCfg = Release|Win32
		{0702EE90-8F57-4316-A2ED-592FE0025524}.Release|x86.Build.0 = Release|Win32
		{8FCEB7D9-81B4-477B-9DDB-EB122D4C1AB6}.Debug|x64.ActiveCfg = Debug|x64
		{8FCEB7D9-81B4-477B-9DDB-EB122D4C1AB6}.Debug|x64.Build.0 = Debug|x64
		{8FCEB7D9-81B4-477B-9DDB-EB122D4C1AB6}.Debug|x86.ActiveCfg = Debug|Win32
		{8FCEB7D9-81B4-477B-9DDB-EB122D4C1AB6}.Debug|x86.Build.0 = Debug|Win32
		{8FCEB7D9-81B4-477B-9DDB-EB122D4C1AB6}.Release|x64.ActiveCfg = Release|x64
		{8FCEB7D9-81B4-477B-9DDB-EB122D4C1AB6}.Release|x64.Build.0 = Release|x64
		{8FCEB7D9-81B4-477B-9DDB-EB122D4C1AB6}.Release|x86.ActiveCfg = Release|Win32
		{8FCEB7D9-81B4-477B-9DDB-EB122D4C1AB6}.Release|x86.Build.0 = Release|Win32
		{9EE467BF-F720-4BF1-AA02-A7747B8F54AA}.Debug|x64.ActiveCfg = Debug|x64
		{9EE467BF-F720-4BF1-AA02-A7747B8F54AA}.Debug|x64.Build.0 = Debug|x64
		{9EE467BF-F720-4BF1-AA02-A7747B8F54AA}.Debug|x86.ActiveCfg = Debug|Win32
		{9EE467BF-F720-4BF1-AA02-A7747B8F54AA}.Debug|x86.Build.0 = Debug|Win32
		{9EE467BF-F720-4BF1-AA02-A7747B8F54AA}.Release|x64.ActiveCfg = Release|x64
		{9EE467BF-F720-4BF1-AA02-A7747B8F54AA}.Release|x64.Build.0 = Release|x64
		{9EE467BF-F720-4BF1-AA02-A7747B8F54AA}.Release|x86.ActiveCfg = Release|Win32
		{9EE467BF-F720-4BF1-AA02-A7747B8F54AA}.Release|x86.Build.0 = Release|Win32
	EndGlobalSection
	GlobalSection(SolutionProperties) = preSolution
		HideSolutionNode = FALSE
	EndGlobalSection
	GlobalSection(ExtensibilityGlobals) = postSolution
		SolutionGuid = {495AD0AB-4F46-4299-983E-DF82CA8EF89D}
	EndGlobalSection
EndGlobal
